
Microsoft Visual Studio Solution File, Format Version 12.00
# Visual Studio 2012
Project("{FAE04EC0-301F-11D3-BF4B-00C04F79EFBC}") = "Cake.Storm.JsonBuildConfiguration", "src\Cake.Storm.JsonBuildConfiguration\Cake.Storm.JsonBuildConfiguration.csproj", "{CF69D401-E0C6-4A1D-988A-0C0A4C0E5284}"
EndProject
Project("{FAE04EC0-301F-11D3-BF4B-00C04F79EFBC}") = "Cake.Storm.Android", "src\Cake.Storm.Android\Cake.Storm.Android.csproj", "{2FDC2442-B957-44E9-BE1D-C2C54661AFF9}"
EndProject
Project("{FAE04EC0-301F-11D3-BF4B-00C04F79EFBC}") = "Cake.Storm.Nuget", "src\Cake.Storm.Nuget\Cake.Storm.Nuget.csproj", "{374B3E9C-8D97-4BD7-AD22-8E9CE4AA7550}"
EndProject
Project("{FAE04EC0-301F-11D3-BF4B-00C04F79EFBC}") = "Cake.Storm.HockeyApp", "src\Cake.Storm.HockeyApp\Cake.Storm.HockeyApp.csproj", "{F655E9FF-A805-4439-8651-4F33A56EA6F4}"
EndProject
Project("{FAE04EC0-301F-11D3-BF4B-00C04F79EFBC}") = "Cake.Storm.iOS", "src\Cake.Storm.iOS\Cake.Storm.iOS.csproj", "{3C72A9EA-59B5-4E60-A44B-5CF69ABA64D4}"
EndProject
Global
	GlobalSection(SolutionConfigurationPlatforms) = preSolution
		Debug|Any CPU = Debug|Any CPU
		Release|Any CPU = Release|Any CPU
	EndGlobalSection
	GlobalSection(ProjectConfigurationPlatforms) = postSolution
		{CF69D401-E0C6-4A1D-988A-0C0A4C0E5284}.Debug|Any CPU.ActiveCfg = Debug|Any CPU
		{CF69D401-E0C6-4A1D-988A-0C0A4C0E5284}.Debug|Any CPU.Build.0 = Debug|Any CPU
		{CF69D401-E0C6-4A1D-988A-0C0A4C0E5284}.Release|Any CPU.ActiveCfg = Release|Any CPU
		{CF69D401-E0C6-4A1D-988A-0C0A4C0E5284}.Release|Any CPU.Build.0 = Release|Any CPU
		{2FDC2442-B957-44E9-BE1D-C2C54661AFF9}.Debug|Any CPU.ActiveCfg = Debug|Any CPU
		{2FDC2442-B957-44E9-BE1D-C2C54661AFF9}.Debug|Any CPU.Build.0 = Debug|Any CPU
		{2FDC2442-B957-44E9-BE1D-C2C54661AFF9}.Release|Any CPU.ActiveCfg = Release|Any CPU
		{2FDC2442-B957-44E9-BE1D-C2C54661AFF9}.Release|Any CPU.Build.0 = Release|Any CPU
		{374B3E9C-8D97-4BD7-AD22-8E9CE4AA7550}.Debug|Any CPU.ActiveCfg = Debug|Any CPU
		{374B3E9C-8D97-4BD7-AD22-8E9CE4AA7550}.Debug|Any CPU.Build.0 = Debug|Any CPU
		{374B3E9C-8D97-4BD7-AD22-8E9CE4AA7550}.Release|Any CPU.ActiveCfg = Release|Any CPU
		{374B3E9C-8D97-4BD7-AD22-8E9CE4AA7550}.Release|Any CPU.Build.0 = Release|Any CPU
		{F655E9FF-A805-4439-8651-4F33A56EA6F4}.Debug|Any CPU.ActiveCfg = Debug|Any CPU
		{F655E9FF-A805-4439-8651-4F33A56EA6F4}.Debug|Any CPU.Build.0 = Debug|Any CPU
		{F655E9FF-A805-4439-8651-4F33A56EA6F4}.Release|Any CPU.ActiveCfg = Release|Any CPU
		{F655E9FF-A805-4439-8651-4F33A56EA6F4}.Release|Any CPU.Build.0 = Release|Any CPU
		{3C72A9EA-59B5-4E60-A44B-5CF69ABA64D4}.Debug|Any CPU.ActiveCfg = Debug|Any CPU
		{3C72A9EA-59B5-4E60-A44B-5CF69ABA64D4}.Debug|Any CPU.Build.0 = Debug|Any CPU
		{3C72A9EA-59B5-4E60-A44B-5CF69ABA64D4}.Release|Any CPU.ActiveCfg = Release|Any CPU
		{3C72A9EA-59B5-4E60-A44B-5CF69ABA64D4}.Release|Any CPU.Build.0 = Release|Any CPU
	EndGlobalSection
EndGlobal
